
Microsoft Visual Studio Solution File, Format Version 12.00
# Visual Studio 2013
VisualStudioVersion = 12.0.21005.1
MinimumVisualStudioVersion = 10.0.40219.1
Project("{FAE04EC0-301F-11D3-BF4B-00C04F79EFBC}") = "SignalRClientConsole", "SignalRClientConsole\SignalRClientConsole.csproj", "{0C5B42A8-8FBB-41F6-9D08-90BFBA0FC62D}"
EndProject
Project("{FAE04EC0-301F-11D3-BF4B-00C04F79EFBC}") = "Damienbod.SignalR.IHubSync.Client", "..\SignalRServerConsole\Damienbod.SignalR.IHubSync.Client\Damienbod.SignalR.IHubSync.Client.csproj", "{11B4280B-E204-484B-BEFB-C175582E75C0}"
EndProject
Global
	GlobalSection(SolutionConfigurationPlatforms) = preSolution
		Debug|Any CPU = Debug|Any CPU
		Release|Any CPU = Release|Any CPU
	EndGlobalSection
	GlobalSection(ProjectConfigurationPlatforms) = postSolution
		{0C5B42A8-8FBB-41F6-9D08-90BFBA0FC62D}.Debug|Any CPU.ActiveCfg = Debug|Any CPU
		{0C5B42A8-8FBB-41F6-9D08-90BFBA0FC62D}.Debug|Any CPU.Build.0 = Debug|Any CPU
		{0C5B42A8-8FBB-41F6-9D08-90BFBA0FC62D}.Release|Any CPU.ActiveCfg = Release|Any CPU
		{0C5B42A8-8FBB-41F6-9D08-90BFBA0FC62D}.Release|Any CPU.Build.0 = Release|Any CPU
		{11B4280B-E204-484B-BEFB-C175582E75C0}.Debug|Any CPU.ActiveCfg = Debug|Any CPU
		{11B4280B-E204-484B-BEFB-C175582E75C0}.Debug|Any CPU.Build.0 = Debug|Any CPU
		{11B4280B-E204-484B-BEFB-C175582E75C0}.Release|Any CPU.ActiveCfg = Release|Any CPU
		{11B4280B-E204-484B-BEFB-C175582E75C0}.Release|Any CPU.Build.0 = Release|Any CPU
	EndGlobalSection
	GlobalSection(SolutionProperties) = preSolution
		HideSolutionNode = FALSE
	EndGlobalSection
EndGlobal
