
Microsoft Visual Studio Solution File, Format Version 12.00
# Visual Studio 2013
VisualStudioVersion = 12.0.21005.1
MinimumVisualStudioVersion = 10.0.40219.1
Project("{FAE04EC0-301F-11D3-BF4B-00C04F79EFBC}") = "Damienbod.SignalR.Host", "MSExampleSignalR\Damienbod.SignalR.Host.csproj", "{B8165E0D-0CE3-4F6C-8042-8ED17B2FEC55}"
EndProject
Project("{FAE04EC0-301F-11D3-BF4B-00C04F79EFBC}") = "Damienbod.Slab", "Damienbod.Slab\Damienbod.Slab.csproj", "{C1915A91-1747-40D5-8DAB-EC5764708735}"
EndProject
Project("{FAE04EC0-301F-11D3-BF4B-00C04F79EFBC}") = "Damienbod.SignalR.MyHub", "MSExampleSignalR.Dto\Damienbod.SignalR.MyHub.csproj", "{11B4280B-E204-484B-BEFB-C175582E75C0}"
EndProject
Global
	GlobalSection(SolutionConfigurationPlatforms) = preSolution
		Debug|Any CPU = Debug|Any CPU
		Release|Any CPU = Release|Any CPU
	EndGlobalSection
	GlobalSection(ProjectConfigurationPlatforms) = postSolution
		{B8165E0D-0CE3-4F6C-8042-8ED17B2FEC55}.Debug|Any CPU.ActiveCfg = Debug|Any CPU
		{B8165E0D-0CE3-4F6C-8042-8ED17B2FEC55}.Debug|Any CPU.Build.0 = Debug|Any CPU
		{B8165E0D-0CE3-4F6C-8042-8ED17B2FEC55}.Release|Any CPU.ActiveCfg = Release|Any CPU
		{B8165E0D-0CE3-4F6C-8042-8ED17B2FEC55}.Release|Any CPU.Build.0 = Release|Any CPU
		{C1915A91-1747-40D5-8DAB-EC5764708735}.Debug|Any CPU.ActiveCfg = Debug|Any CPU
		{C1915A91-1747-40D5-8DAB-EC5764708735}.Debug|Any CPU.Build.0 = Debug|Any CPU
		{C1915A91-1747-40D5-8DAB-EC5764708735}.Release|Any CPU.ActiveCfg = Release|Any CPU
		{C1915A91-1747-40D5-8DAB-EC5764708735}.Release|Any CPU.Build.0 = Release|Any CPU
		{11B4280B-E204-484B-BEFB-C175582E75C0}.Debug|Any CPU.ActiveCfg = Debug|Any CPU
		{11B4280B-E204-484B-BEFB-C175582E75C0}.Debug|Any CPU.Build.0 = Debug|Any CPU
		{11B4280B-E204-484B-BEFB-C175582E75C0}.Release|Any CPU.ActiveCfg = Release|Any CPU
		{11B4280B-E204-484B-BEFB-C175582E75C0}.Release|Any CPU.Build.0 = Release|Any CPU
	EndGlobalSection
	GlobalSection(SolutionProperties) = preSolution
		HideSolutionNode = FALSE
	EndGlobalSection
EndGlobal
