
Microsoft Visual Studio Solution File, Format Version 12.00
# Visual Studio 2013
VisualStudioVersion = 12.0.21005.1
MinimumVisualStudioVersion = 10.0.40219.1
Project("{FAE04EC0-301F-11D3-BF4B-00C04F79EFBC}") = "SignalRClientWPF", "SignalRClientWPF\SignalRClientWPF.csproj", "{F832725E-A4F4-4C61-BE86-F80A94451C93}"
EndProject
Project("{FAE04EC0-301F-11D3-BF4B-00C04F79EFBC}") = "SignalRDataProvider", "SignalRDataProvider\SignalRDataProvider.csproj", "{3BA6BD38-8453-4B71-89F7-17B90FAAD3F8}"
EndProject
Project("{FAE04EC0-301F-11D3-BF4B-00C04F79EFBC}") = "PortableSignalR", "PortableSignalR\PortableSignalR.csproj", "{04E7009C-7840-4E8C-BEA6-FA95F40FC245}"
EndProject
Project("{FAE04EC0-301F-11D3-BF4B-00C04F79EFBC}") = "Damienbod.SignalR.IHubSync.Client", "..\SignalRServerConsole\Damienbod.SignalR.IHubSync.Client\Damienbod.SignalR.IHubSync.Client.csproj", "{11B4280B-E204-484B-BEFB-C175582E75C0}"
EndProject
Global
	GlobalSection(SolutionConfigurationPlatforms) = preSolution
		Debug|Any CPU = Debug|Any CPU
		Release|Any CPU = Release|Any CPU
	EndGlobalSection
	GlobalSection(ProjectConfigurationPlatforms) = postSolution
		{F832725E-A4F4-4C61-BE86-F80A94451C93}.Debug|Any CPU.ActiveCfg = Debug|Any CPU
		{F832725E-A4F4-4C61-BE86-F80A94451C93}.Debug|Any CPU.Build.0 = Debug|Any CPU
		{F832725E-A4F4-4C61-BE86-F80A94451C93}.Release|Any CPU.ActiveCfg = Release|Any CPU
		{F832725E-A4F4-4C61-BE86-F80A94451C93}.Release|Any CPU.Build.0 = Release|Any CPU
		{3BA6BD38-8453-4B71-89F7-17B90FAAD3F8}.Debug|Any CPU.ActiveCfg = Debug|Any CPU
		{3BA6BD38-8453-4B71-89F7-17B90FAAD3F8}.Debug|Any CPU.Build.0 = Debug|Any CPU
		{3BA6BD38-8453-4B71-89F7-17B90FAAD3F8}.Release|Any CPU.ActiveCfg = Release|Any CPU
		{3BA6BD38-8453-4B71-89F7-17B90FAAD3F8}.Release|Any CPU.Build.0 = Release|Any CPU
		{04E7009C-7840-4E8C-BEA6-FA95F40FC245}.Debug|Any CPU.ActiveCfg = Debug|Any CPU
		{04E7009C-7840-4E8C-BEA6-FA95F40FC245}.Debug|Any CPU.Build.0 = Debug|Any CPU
		{04E7009C-7840-4E8C-BEA6-FA95F40FC245}.Release|Any CPU.ActiveCfg = Release|Any CPU
		{04E7009C-7840-4E8C-BEA6-FA95F40FC245}.Release|Any CPU.Build.0 = Release|Any CPU
		{11B4280B-E204-484B-BEFB-C175582E75C0}.Debug|Any CPU.ActiveCfg = Debug|Any CPU
		{11B4280B-E204-484B-BEFB-C175582E75C0}.Debug|Any CPU.Build.0 = Debug|Any CPU
		{11B4280B-E204-484B-BEFB-C175582E75C0}.Release|Any CPU.ActiveCfg = Release|Any CPU
		{11B4280B-E204-484B-BEFB-C175582E75C0}.Release|Any CPU.Build.0 = Release|Any CPU
	EndGlobalSection
	GlobalSection(SolutionProperties) = preSolution
		HideSolutionNode = FALSE
	EndGlobalSection
EndGlobal
